
Microsoft Visual Studio Solution File, Format Version 12.00
# Visual Studio 15
VisualStudioVersion = 15.0.28307.168
MinimumVisualStudioVersion = 10.0.40219.1
Project("{8BC9CEB8-8B4A-11D0-8D11-00A0C91BC942}") = "WinAPI", "WinAPI\WinAPI.vcxproj", "{58F77DBA-C626-430C-AF4E-61DACBF6F196}"
EndProject
Project("{8BC9CEB8-8B4A-11D0-8D11-00A0C91BC942}") = "DialogBox", "DialogBox\DialogBox.vcxproj", "{A399B3A9-89E2-484F-9BB5-D14BE7D352AC}"
EndProject
Project("{8BC9CEB8-8B4A-11D0-8D11-00A0C91BC942}") = "TextFields", "TextFields\TextFields.vcxproj", "{D8BEE47F-DDB2-43FD-9D8B-AE966331A617}"
EndProject
Global
	GlobalSection(SolutionConfigurationPlatforms) = preSolution
		Debug|x64 = Debug|x64
		Debug|x86 = Debug|x86
		Release|x64 = Release|x64
		Release|x86 = Release|x86
	EndGlobalSection
	GlobalSection(ProjectConfigurationPlatforms) = postSolution
		{58F77DBA-C626-430C-AF4E-61DACBF6F196}.Debug|x64.ActiveCfg = Debug|x64
		{58F77DBA-C626-430C-AF4E-61DACBF6F196}.Debug|x64.Build.0 = Debug|x64
		{58F77DBA-C626-430C-AF4E-61DACBF6F196}.Debug|x86.ActiveCfg = Debug|Win32
		{58F77DBA-C626-430C-AF4E-61DACBF6F196}.Debug|x86.Build.0 = Debug|Win32
		{58F77DBA-C626-430C-AF4E-61DACBF6F196}.Release|x64.ActiveCfg = Release|x64
		{58F77DBA-C626-430C-AF4E-61DACBF6F196}.Release|x64.Build.0 = Release|x64
		{58F77DBA-C626-430C-AF4E-61DACBF6F196}.Release|x86.ActiveCfg = Release|Win32
		{58F77DBA-C626-430C-AF4E-61DACBF6F196}.Release|x86.Build.0 = Release|Win32
		{A399B3A9-89E2-484F-9BB5-D14BE7D352AC}.Debug|x64.ActiveCfg = Debug|x64
		{A399B3A9-89E2-484F-9BB5-D14BE7D352AC}.Debug|x64.Build.0 = Debug|x64
		{A399B3A9-89E2-484F-9BB5-D14BE7D352AC}.Debug|x86.ActiveCfg = Debug|Win32
		{A399B3A9-89E2-484F-9BB5-D14BE7D352AC}.Debug|x86.Build.0 = Debug|Win32
		{A399B3A9-89E2-484F-9BB5-D14BE7D352AC}.Release|x64.ActiveCfg = Release|x64
		{A399B3A9-89E2-484F-9BB5-D14BE7D352AC}.Release|x64.Build.0 = Release|x64
		{A399B3A9-89E2-484F-9BB5-D14BE7D352AC}.Release|x86.ActiveCfg = Release|Win32
		{A399B3A9-89E2-484F-9BB5-D14BE7D352AC}.Release|x86.Build.0 = Release|Win32
		{D8BEE47F-DDB2-43FD-9D8B-AE966331A617}.Debug|x64.ActiveCfg = Debug|x64
		{D8BEE47F-DDB2-43FD-9D8B-AE966331A617}.Debug|x64.Build.0 = Debug|x64
		{D8BEE47F-DDB2-43FD-9D8B-AE966331A617}.Debug|x86.ActiveCfg = Debug|Win32
		{D8BEE47F-DDB2-43FD-9D8B-AE966331A617}.Debug|x86.Build.0 = Debug|Win32
		{D8BEE47F-DDB2-43FD-9D8B-AE966331A617}.Release|x64.ActiveCfg = Release|x64
		{D8BEE47F-DDB2-43FD-9D8B-AE966331A617}.Release|x64.Build.0 = Release|x64
		{D8BEE47F-DDB2-43FD-9D8B-AE966331A617}.Release|x86.ActiveCfg = Release|Win32
		{D8BEE47F-DDB2-43FD-9D8B-AE966331A617}.Release|x86.Build.0 = Release|Win32
	EndGlobalSection
	GlobalSection(SolutionProperties) = preSolution
		HideSolutionNode = FALSE
	EndGlobalSection
	GlobalSection(ExtensibilityGlobals) = postSolution
		SolutionGuid = {0F617BE7-5305-4AF9-8943-8B7FDE992384}
	EndGlobalSection
EndGlobal
